
Microsoft Visual Studio Solution File, Format Version 12.00
# Visual Studio 15
VisualStudioVersion = 15.0.27428.2043
MinimumVisualStudioVersion = 10.0.40219.1
Project("{FAE04EC0-301F-11D3-BF4B-00C04F79EFBC}") = "DesignWeek1", "DesignWeek1\DesignWeek1.csproj", "{3592DEF5-F64C-4B78-9832-D1E23D9BB226}"
EndProject
Global
	GlobalSection(SolutionConfigurationPlatforms) = preSolution
		Debug|Any CPU = Debug|Any CPU
		Release|Any CPU = Release|Any CPU
	EndGlobalSection
	GlobalSection(ProjectConfigurationPlatforms) = postSolution
		{3592DEF5-F64C-4B78-9832-D1E23D9BB226}.Debug|Any CPU.ActiveCfg = Debug|Any CPU
		{3592DEF5-F64C-4B78-9832-D1E23D9BB226}.Debug|Any CPU.Build.0 = Debug|Any CPU
		{3592DEF5-F64C-4B78-9832-D1E23D9BB226}.Release|Any CPU.ActiveCfg = Release|Any CPU
		{3592DEF5-F64C-4B78-9832-D1E23D9BB226}.Release|Any CPU.Build.0 = Release|Any CPU
	EndGlobalSection
	GlobalSection(SolutionProperties) = preSolution
		HideSolutionNode = FALSE
	EndGlobalSection
	GlobalSection(ExtensibilityGlobals) = postSolution
		SolutionGuid = {91C06A72-C5BB-4757-B98B-04222447F007}
	EndGlobalSection
EndGlobal
